
Microsoft Visual Studio Solution File, Format Version 12.00
# Visual Studio 15
VisualStudioVersion = 15.0.27004.2006
MinimumVisualStudioVersion = 10.0.40219.1
Project("{FAE04EC0-301F-11D3-BF4B-00C04F79EFBC}") = "Fusion1911", "Fusion1911\Fusion1911.csproj", "{4A77F80F-02FF-498D-8A0F-22039D0301D3}"
EndProject
Project("{FAE04EC0-301F-11D3-BF4B-00C04F79EFBC}") = "TestConsole", "TestConsole\TestConsole.csproj", "{6716257B-0A2E-4D64-A627-52F9BF8BD4B5}"
EndProject
Project("{FAE04EC0-301F-11D3-BF4B-00C04F79EFBC}") = "TestingValuesConsole", "TestingValuesConsole\TestingValuesConsole.csproj", "{9DB99AC7-A4D0-4A1D-9296-98F2B106B674}"
EndProject
Global
	GlobalSection(SolutionConfigurationPlatforms) = preSolution
		Debug|Any CPU = Debug|Any CPU
		Release|Any CPU = Release|Any CPU
	EndGlobalSection
	GlobalSection(ProjectConfigurationPlatforms) = postSolution
		{4A77F80F-02FF-498D-8A0F-22039D0301D3}.Debug|Any CPU.ActiveCfg = Debug|Any CPU
		{4A77F80F-02FF-498D-8A0F-22039D0301D3}.Debug|Any CPU.Build.0 = Debug|Any CPU
		{4A77F80F-02FF-498D-8A0F-22039D0301D3}.Release|Any CPU.ActiveCfg = Release|Any CPU
		{4A77F80F-02FF-498D-8A0F-22039D0301D3}.Release|Any CPU.Build.0 = Release|Any CPU
		{6716257B-0A2E-4D64-A627-52F9BF8BD4B5}.Debug|Any CPU.ActiveCfg = Debug|Any CPU
		{6716257B-0A2E-4D64-A627-52F9BF8BD4B5}.Debug|Any CPU.Build.0 = Debug|Any CPU
		{6716257B-0A2E-4D64-A627-52F9BF8BD4B5}.Release|Any CPU.ActiveCfg = Release|Any CPU
		{6716257B-0A2E-4D64-A627-52F9BF8BD4B5}.Release|Any CPU.Build.0 = Release|Any CPU
		{9DB99AC7-A4D0-4A1D-9296-98F2B106B674}.Debug|Any CPU.ActiveCfg = Debug|Any CPU
		{9DB99AC7-A4D0-4A1D-9296-98F2B106B674}.Debug|Any CPU.Build.0 = Debug|Any CPU
		{9DB99AC7-A4D0-4A1D-9296-98F2B106B674}.Release|Any CPU.ActiveCfg = Release|Any CPU
		{9DB99AC7-A4D0-4A1D-9296-98F2B106B674}.Release|Any CPU.Build.0 = Release|Any CPU
	EndGlobalSection
	GlobalSection(SolutionProperties) = preSolution
		HideSolutionNode = FALSE
	EndGlobalSection
	GlobalSection(ExtensibilityGlobals) = postSolution
		SolutionGuid = {3964A97A-0F65-4D39-BEB2-0958314E467F}
	EndGlobalSection
EndGlobal
