
Microsoft Visual Studio Solution File, Format Version 12.00
# Visual Studio 15
VisualStudioVersion = 15.0.27130.2024
MinimumVisualStudioVersion = 10.0.40219.1
Project("{FAE04EC0-301F-11D3-BF4B-00C04F79EFBC}") = "fusion-core", "fusion-core\fusion-core.csproj", "{1D51AEB3-303F-40DD-B779-C7023F25D520}"
EndProject
Global
	GlobalSection(SolutionConfigurationPlatforms) = preSolution
		Debug|Any CPU = Debug|Any CPU
		Release|Any CPU = Release|Any CPU
	EndGlobalSection
	GlobalSection(ProjectConfigurationPlatforms) = postSolution
		{1D51AEB3-303F-40DD-B779-C7023F25D520}.Debug|Any CPU.ActiveCfg = Debug|Any CPU
		{1D51AEB3-303F-40DD-B779-C7023F25D520}.Debug|Any CPU.Build.0 = Debug|Any CPU
		{1D51AEB3-303F-40DD-B779-C7023F25D520}.Release|Any CPU.ActiveCfg = Release|Any CPU
		{1D51AEB3-303F-40DD-B779-C7023F25D520}.Release|Any CPU.Build.0 = Release|Any CPU
	EndGlobalSection
	GlobalSection(SolutionProperties) = preSolution
		HideSolutionNode = FALSE
	EndGlobalSection
	GlobalSection(ExtensibilityGlobals) = postSolution
		SolutionGuid = {F0C34C9A-3C23-46B3-A7EF-3CEE23EEB38F}
	EndGlobalSection
EndGlobal
